
Microsoft Visual Studio Solution File, Format Version 12.00
# Visual Studio Version 17
VisualStudioVersion = 17.5.33530.505
MinimumVisualStudioVersion = 10.0.40219.1
Project("{FAE04EC0-301F-11D3-BF4B-00C04F79EFBC}") = "Sticky-Tool", "Sticky-Tool.csproj", "{4476F1E2-3315-4D49-BFB8-429D3F2F8C30}"
EndProject
Global
	GlobalSection(SolutionConfigurationPlatforms) = preSolution
		Debug|Any CPU = Debug|Any CPU
		Release|Any CPU = Release|Any CPU
	EndGlobalSection
	GlobalSection(ProjectConfigurationPlatforms) = postSolution
		{4476F1E2-3315-4D49-BFB8-429D3F2F8C30}.Debug|Any CPU.ActiveCfg = Debug|Any CPU
		{4476F1E2-3315-4D49-BFB8-429D3F2F8C30}.Debug|Any CPU.Build.0 = Debug|Any CPU
		{4476F1E2-3315-4D49-BFB8-429D3F2F8C30}.Release|Any CPU.ActiveCfg = Release|Any CPU
		{4476F1E2-3315-4D49-BFB8-429D3F2F8C30}.Release|Any CPU.Build.0 = Release|Any CPU
	EndGlobalSection
	GlobalSection(SolutionProperties) = preSolution
		HideSolutionNode = FALSE
	EndGlobalSection
	GlobalSection(ExtensibilityGlobals) = postSolution
		SolutionGuid = {244F3E6E-AE5F-4CD7-8F61-4A8573FC0D55}
	EndGlobalSection
EndGlobal
